// !$*UTF8*$!
{
	archiveVersion = 1;
	classes = {
	};
	objectVersion = 77;
	objects = {

/* Begin PBXBuildFile section */
		3FEF4619926C40147B220FD2 /* MessengerExampleApp.swift in Sources */ = {isa = PBXBuildFile; fileRef = BFB3460A820A63CD10782B71 /* MessengerExampleApp.swift */; };
		A216EA62CDBA3DBAF99CB3CD /* MessengerSDK in Frameworks */ = {isa = PBXBuildFile; productRef = CB63406F0E13D7E895EBC8DF /* MessengerSDK */; };
		E7681941491F33FE6C0AC2CB /* ContentView.swift in Sources */ = {isa = PBXBuildFile; fileRef = 198D0C0A349F64C068D293AD /* ContentView.swift */; };
/* End PBXBuildFile section */

/* Begin PBXFileReference section */
		198D0C0A349F64C068D293AD /* ContentView.swift */ = {isa = PBXFileReference; lastKnownFileType = sourcecode.swift; path = ContentView.swift; sourceTree = "<group>"; };
		2D4C8DDDC1DDBEA885C3733A /* sdk */ = {isa = PBXFileReference; lastKnownFileType = folder; name = sdk; path = ..; sourceTree = SOURCE_ROOT; };
		976FDC14B8A98B81527C1984 /* MessengerExample.app */ = {isa = PBXFileReference; explicitFileType = wrapper.application; includeInIndex = 0; path = MessengerExample.app; sourceTree = BUILT_PRODUCTS_DIR; };
		BFB3460A820A63CD10782B71 /* MessengerExampleApp.swift */ = {isa = PBXFileReference; lastKnownFileType = sourcecode.swift; path = MessengerExampleApp.swift; sourceTree = "<group>"; };
		F728A983CFD20EA00E2190B7 /* Info.plist */ = {isa = PBXFileReference; lastKnownFileType = text.plist; path = Info.plist; sourceTree = "<group>"; };
/* End PBXFileReference section */

/* Begin PBXFrameworksBuildPhase section */
		FF180ADA8F9A2244260FEBE7 /* Frameworks */ = {
			isa = PBXFrameworksBuildPhase;
			buildActionMask = 2147483647;
			files = (
				A216EA62CDBA3DBAF99CB3CD /* MessengerSDK in Frameworks */,
			);
			runOnlyForDeploymentPostprocessing = 0;
		};
/* End PBXFrameworksBuildPhase section */

/* Begin PBXGroup section */
		8DC257F5AF3E3A9AF8C7CF50 /* Products */ = {
			isa = PBXGroup;
			children = (
				976FDC14B8A98B81527C1984 /* MessengerExample.app */,
			);
			name = Products;
			sourceTree = "<group>";
		};
		A0516312258E5C4D3C9CEE20 = {
			isa = PBXGroup;
			children = (
				EF54AB515098D0CBC25D3007 /* MessengerExample */,
				F1791DDA0F9C3B431A3D74C2 /* Packages */,
				8DC257F5AF3E3A9AF8C7CF50 /* Products */,
			);
			sourceTree = "<group>";
		};
		EF54AB515098D0CBC25D3007 /* MessengerExample */ = {
			isa = PBXGroup;
			children = (
				198D0C0A349F64C068D293AD /* ContentView.swift */,
				BFB3460A820A63CD10782B71 /* MessengerExampleApp.swift */,
				F728A983CFD20EA00E2190B7 /* Info.plist */,
			);
			path = MessengerExample;
			sourceTree = "<group>";
		};
		F1791DDA0F9C3B431A3D74C2 /* Packages */ = {
			isa = PBXGroup;
			children = (
				2D4C8DDDC1DDBEA885C3733A /* sdk */,
			);
			name = Packages;
			sourceTree = "<group>";
		};
/* End PBXGroup section */

/* Begin PBXNativeTarget section */
		4B0A639C9FC2544287EC2C6D /* MessengerExample */ = {
			isa = PBXNativeTarget;
			buildConfigurationList = D47D482A6813F4B1672BE159 /* Build configuration list for PBXNativeTarget "MessengerExample" */;
			buildPhases = (
				66B2A7F2A094A394DD883657 /* Sources */,
				FF180ADA8F9A2244260FEBE7 /* Frameworks */,
			);
			buildRules = (
			);
			dependencies = (
			);
			name = MessengerExample;
			packageProductDependencies = (
				CB63406F0E13D7E895EBC8DF /* MessengerSDK */,
			);
			productName = MessengerExample;
			productReference = 976FDC14B8A98B81527C1984 /* MessengerExample.app */;
			productType = "com.apple.product-type.application";
		};
/* End PBXNativeTarget section */

/* Begin PBXProject section */
		4DC0BFC4A6979F5A31B40114 /* Project object */ = {
			isa = PBXProject;
			attributes = {
				BuildIndependentTargetsInParallel = YES;
				LastUpgradeCheck = 1500;
			};
			buildConfigurationList = 461301A8459876BBCB7EE3AC /* Build configuration list for PBXProject "MessengerExample" */;
			developmentRegion = en;
			hasScannedForEncodings = 0;
			knownRegions = (
				Base,
				en,
			);
			mainGroup = A0516312258E5C4D3C9CEE20;
			minimizedProjectReferenceProxies = 1;
			packageReferences = (
				5B42E73683759E97C635C3A7 /* XCLocalSwiftPackageReference ".." */,
			);
			preferredProjectObjectVersion = 77;
			productRefGroup = 8DC257F5AF3E3A9AF8C7CF50 /* Products */;
			projectDirPath = "";
			projectRoot = "";
			targets = (
				4B0A639C9FC2544287EC2C6D /* MessengerExample */,
			);
		};
/* End PBXProject section */

/* Begin PBXSourcesBuildPhase section */
		66B2A7F2A094A394DD883657 /* Sources */ = {
			isa = PBXSourcesBuildPhase;
			buildActionMask = 2147483647;
			files = (
				E7681941491F33FE6C0AC2CB /* ContentView.swift in Sources */,
				3FEF4619926C40147B220FD2 /* MessengerExampleApp.swift in Sources */,
			);
			runOnlyForDeploymentPostprocessing = 0;
		};
/* End PBXSourcesBuildPhase section */

/* Begin XCBuildConfiguration section */
		24CE125309ED4BF6DB9CD7F8 /* Release */ = {
			isa = XCBuildConfiguration;
			buildSettings = {
				ALWAYS_SEARCH_USER_PATHS = NO;
				CLANG_ANALYZER_NONNULL = YES;
				CLANG_ANALYZER_NUMBER_OBJECT_CONVERSION = YES_AGGRESSIVE;
				CLANG_CXX_LANGUAGE_STANDARD = "gnu++14";
				CLANG_CXX_LIBRARY = "libc++";
				CLANG_ENABLE_MODULES = YES;
				CLANG_ENABLE_OBJC_ARC = YES;
				CLANG_ENABLE_OBJC_WEAK = YES;
				CLANG_WARN_BLOCK_CAPTURE_AUTORELEASING = YES;
				CLANG_WARN_BOOL_CONVERSION = YES;
				CLANG_WARN_COMMA = YES;
				CLANG_WARN_CONSTANT_CONVERSION = YES;
				CLANG_WARN_DEPRECATED_OBJC_IMPLEMENTATIONS = YES;
				CLANG_WARN_DIRECT_OBJC_ISA_USAGE = YES_ERROR;
				CLANG_WARN_DOCUMENTATION_COMMENTS = YES;
				CLANG_WARN_EMPTY_BODY = YES;
				CLANG_WARN_ENUM_CONVERSION = YES;
				CLANG_WARN_INFINITE_RECURSION = YES;
				CLANG_WARN_INT_CONVERSION = YES;
				CLANG_WARN_NON_LITERAL_NULL_CONVERSION = YES;
				CLANG_WARN_OBJC_IMPLICIT_RETAIN_SELF = YES;
				CLANG_WARN_OBJC_LITERAL_CONVERSION = YES;
				CLANG_WARN_OBJC_ROOT_CLASS = YES_ERROR;
				CLANG_WARN_QUOTED_INCLUDE_IN_FRAMEWORK_HEADER = YES;
				CLANG_WARN_RANGE_LOOP_ANALYSIS = YES;
				CLANG_WARN_STRICT_PROTOTYPES = YES;
				CLANG_WARN_SUSPICIOUS_MOVE = YES;
				CLANG_WARN_UNGUARDED_AVAILABILITY = YES_AGGRESSIVE;
				CLANG_WARN_UNREACHABLE_CODE = YES;
				CLANG_WARN__DUPLICATE_METHOD_MATCH = YES;
				COPY_PHASE_STRIP = NO;
				CURRENT_PROJECT_VERSION = 1;
				DEBUG_INFORMATION_FORMAT = "dwarf-with-dsym";
				ENABLE_NS_ASSERTIONS = NO;
				ENABLE_STRICT_OBJC_MSGSEND = YES;
				GCC_C_LANGUAGE_STANDARD = gnu11;
				GCC_NO_COMMON_BLOCKS = YES;
				GCC_WARN_64_TO_32_BIT_CONVERSION = YES;
				GCC_WARN_ABOUT_RETURN_TYPE = YES_ERROR;
				GCC_WARN_UNDECLARED_SELECTOR = YES;
				GCC_WARN_UNINITIALIZED_AUTOS = YES_AGGRESSIVE;
				GCC_WARN_UNUSED_FUNCTION = YES;
				GCC_WARN_UNUSED_VARIABLE = YES;
				IPHONEOS_DEPLOYMENT_TARGET = 16.0;
				MARKETING_VERSION = 0.0.1;
				MTL_ENABLE_DEBUG_INFO = NO;
				MTL_FAST_MATH = YES;
				PRODUCT_NAME = "$(TARGET_NAME)";
				SDKROOT = iphoneos;
				SWIFT_COMPILATION_MODE = wholemodule;
				SWIFT_OPTIMIZATION_LEVEL = "-O";
				SWIFT_VERSION = 5.9;
			};
			name = Release;
		};
		59B930BEC5196E8923CB5F39 /* Debug */ = {
			isa = XCBuildConfiguration;
			buildSettings = {
				ASSETCATALOG_COMPILER_APPICON_NAME = AppIcon;
				CODE_SIGN_IDENTITY = "iPhone Developer";
				DEVELOPMENT_TEAM = Z4Y4UX444M;
				INFOPLIST_FILE = MessengerExample/Info.plist;
				LD_RUNPATH_SEARCH_PATHS = (
					"$(inherited)",
					"@executable_path/Frameworks",
				);
				PRODUCT_BUNDLE_IDENTIFIER = com.messenger.example;
				SDKROOT = iphoneos;
				TARGETED_DEVICE_FAMILY = "1,2";
			};
			name = Debug;
		};
		EE9B97F2A3EA7A1E1CAACAD1 /* Debug */ = {
			isa = XCBuildConfiguration;
			buildSettings = {
				ALWAYS_SEARCH_USER_PATHS = NO;
				CLANG_ANALYZER_NONNULL = YES;
				CLANG_ANALYZER_NUMBER_OBJECT_CONVERSION = YES_AGGRESSIVE;
				CLANG_CXX_LANGUAGE_STANDARD = "gnu++14";
				CLANG_CXX_LIBRARY = "libc++";
				CLANG_ENABLE_MODULES = YES;
				CLANG_ENABLE_OBJC_ARC = YES;
				CLANG_ENABLE_OBJC_WEAK = YES;
				CLANG_WARN_BLOCK_CAPTURE_AUTORELEASING = YES;
				CLANG_WARN_BOOL_CONVERSION = YES;
				CLANG_WARN_COMMA = YES;
				CLANG_WARN_CONSTANT_CONVERSION = YES;
				CLANG_WARN_DEPRECATED_OBJC_IMPLEMENTATIONS = YES;
				CLANG_WARN_DIRECT_OBJC_ISA_USAGE = YES_ERROR;
				CLANG_WARN_DOCUMENTATION_COMMENTS = YES;
				CLANG_WARN_EMPTY_BODY = YES;
				CLANG_WARN_ENUM_CONVERSION = YES;
				CLANG_WARN_INFINITE_RECURSION = YES;
				CLANG_WARN_INT_CONVERSION = YES;
				CLANG_WARN_NON_LITERAL_NULL_CONVERSION = YES;
				CLANG_WARN_OBJC_IMPLICIT_RETAIN_SELF = YES;
				CLANG_WARN_OBJC_LITERAL_CONVERSION = YES;
				CLANG_WARN_OBJC_ROOT_CLASS = YES_ERROR;
				CLANG_WARN_QUOTED_INCLUDE_IN_FRAMEWORK_HEADER = YES;
				CLANG_WARN_RANGE_LOOP_ANALYSIS = YES;
				CLANG_WARN_STRICT_PROTOTYPES = YES;
				CLANG_WARN_SUSPICIOUS_MOVE = YES;
				CLANG_WARN_UNGUARDED_AVAILABILITY = YES_AGGRESSIVE;
				CLANG_WARN_UNREACHABLE_CODE = YES;
				CLANG_WARN__DUPLICATE_METHOD_MATCH = YES;
				COPY_PHASE_STRIP = NO;
				CURRENT_PROJECT_VERSION = 1;
				DEBUG_INFORMATION_FORMAT = dwarf;
				ENABLE_STRICT_OBJC_MSGSEND = YES;
				ENABLE_TESTABILITY = YES;
				GCC_C_LANGUAGE_STANDARD = gnu11;
				GCC_DYNAMIC_NO_PIC = NO;
				GCC_NO_COMMON_BLOCKS = YES;
				GCC_OPTIMIZATION_LEVEL = 0;
				GCC_PREPROCESSOR_DEFINITIONS = (
					"$(inherited)",
					"DEBUG=1",
				);
				GCC_WARN_64_TO_32_BIT_CONVERSION = YES;
				GCC_WARN_ABOUT_RETURN_TYPE = YES_ERROR;
				GCC_WARN_UNDECLARED_SELECTOR = YES;
				GCC_WARN_UNINITIALIZED_AUTOS = YES_AGGRESSIVE;
				GCC_WARN_UNUSED_FUNCTION = YES;
				GCC_WARN_UNUSED_VARIABLE = YES;
				IPHONEOS_DEPLOYMENT_TARGET = 16.0;
				MARKETING_VERSION = 0.0.1;
				MTL_ENABLE_DEBUG_INFO = INCLUDE_SOURCE;
				MTL_FAST_MATH = YES;
				ONLY_ACTIVE_ARCH = YES;
				PRODUCT_NAME = "$(TARGET_NAME)";
				SDKROOT = iphoneos;
				SWIFT_ACTIVE_COMPILATION_CONDITIONS = DEBUG;
				SWIFT_OPTIMIZATION_LEVEL = "-Onone";
				SWIFT_VERSION = 5.9;
			};
			name = Debug;
		};
		F091C755EFB262707E3339BB /* Release */ = {
			isa = XCBuildConfiguration;
			buildSettings = {
				ASSETCATALOG_COMPILER_APPICON_NAME = AppIcon;
				CODE_SIGN_IDENTITY = "iPhone Developer";
				DEVELOPMENT_TEAM = Z4Y4UX444M;
				INFOPLIST_FILE = MessengerExample/Info.plist;
				LD_RUNPATH_SEARCH_PATHS = (
					"$(inherited)",
					"@executable_path/Frameworks",
				);
				PRODUCT_BUNDLE_IDENTIFIER = com.messenger.example;
				SDKROOT = iphoneos;
				TARGETED_DEVICE_FAMILY = "1,2";
			};
			name = Release;
		};
/* End XCBuildConfiguration section */

/* Begin XCConfigurationList section */
		461301A8459876BBCB7EE3AC /* Build configuration list for PBXProject "MessengerExample" */ = {
			isa = XCConfigurationList;
			buildConfigurations = (
				EE9B97F2A3EA7A1E1CAACAD1 /* Debug */,
				24CE125309ED4BF6DB9CD7F8 /* Release */,
			);
			defaultConfigurationIsVisible = 0;
			defaultConfigurationName = Debug;
		};
		D47D482A6813F4B1672BE159 /* Build configuration list for PBXNativeTarget "MessengerExample" */ = {
			isa = XCConfigurationList;
			buildConfigurations = (
				59B930BEC5196E8923CB5F39 /* Debug */,
				F091C755EFB262707E3339BB /* Release */,
			);
			defaultConfigurationIsVisible = 0;
			defaultConfigurationName = Debug;
		};
/* End XCConfigurationList section */

/* Begin XCLocalSwiftPackageReference section */
		5B42E73683759E97C635C3A7 /* XCLocalSwiftPackageReference ".." */ = {
			isa = XCLocalSwiftPackageReference;
			relativePath = ..;
		};
/* End XCLocalSwiftPackageReference section */

/* Begin XCSwiftPackageProductDependency section */
		CB63406F0E13D7E895EBC8DF /* MessengerSDK */ = {
			isa = XCSwiftPackageProductDependency;
			package = 5B42E73683759E97C635C3A7 /* XCLocalSwiftPackageReference ".." */;
			productName = MessengerSDK;
		};
/* End XCSwiftPackageProductDependency section */
	};
	rootObject = 4DC0BFC4A6979F5A31B40114 /* Project object */;
}
