PODS:
  - Apollo (0.7.0):
    - Apollo/Core (= 0.7.0)
  - Apollo/Core (0.7.0)
  - ErxesSDK (0.1.0):
    - Apollo (~> 0.7.0)
    - LiveGQL (~> 2.0.0)
    - SwiftyJSON (~> 4.0.0)
  - LiveGQL (2.0.0):
    - SocketRocket
  - SocketRocket (0.5.1)
  - SwiftyJSON (4.0.0)

DEPENDENCIES:
  - ErxesSDK (from `../`)

SPEC REPOS:
  https://github.com/cocoapods/specs.git:
    - Apollo
    - LiveGQL
    - SocketRocket
    - SwiftyJSON

EXTERNAL SOURCES:
  ErxesSDK:
    :path: "../"

SPEC CHECKSUMS:
  Apollo: d6649ac06168660e70c6226c4eadfc0770791ba5
  ErxesSDK: 399f137abf735dae9cd647ac8d3af0c0d0939709
  LiveGQL: bc97d1f0c5d70e200f27126f863e0be62e732298
  SocketRocket: d57c7159b83c3c6655745cd15302aa24b6bae531
  SwiftyJSON: 070dabdcb1beb81b247c65ffa3a79dbbfb3b48aa

PODFILE CHECKSUM: e2aef1c576425d26c3ff63ede0e5b515d9281c9a

COCOAPODS: 1.5.2
