{
  "pins" : [
    {
      "identity" : "apollo-ios",
      "kind" : "remoteSourceControl",
      "location" : "https://github.com/apollographql/apollo-ios.git",
      "state" : {
        "revision" : "5c191c4751d2048feb997dcfad00610475f81817",
        "version" : "1.25.6"
      }
    }
  ],
  "version" : 2
}
